Microsoft Visual Studio Solution File, Format Version 12.00
# Visual Studio Version 17
Project("{FAE04EC0-301F-11D3-BF4B-00C04F019CD9}") = "Sxpe.Games.Abstractions", "src\Sxpe.Games.Abstractions\Sxpe.Games.Abstractions.csproj", "{A1E3C0DE-0001-4000-8000-000000000001}"
EndProject
Project("{FAE04EC0-301F-11D3-BF4B-00C04F019CD9}") = "Sxpe.Games.Sims3", "src\Sxpe.Games.Sims3\Sxpe.Games.Sims3.csproj", "{A1E3C0DE-0001-4000-8000-000000000002}"
EndProject
Project("{FAE04EC0-301F-11D3-BF4B-00C04F019CD9}") = "Sxpe.Core", "src\Sxpe.Core\Sxpe.Core.csproj", "{A1E3C0DE-0001-4000-8000-000000000003}"
EndProject
Project("{FAE04EC0-301F-11D3-BF4B-00C04F019CD9}") = "Sxpe.Games.Abstractions.Tests", "tests\Sxpe.Games.Abstractions.Tests\Sxpe.Games.Abstractions.Tests.csproj", "{A1E3C0DE-0001-4000-8000-000000000004}"
EndProject
Global
	GlobalSection(SolutionConfigurationPlatforms) = preSolution
		Debug|Any CPU = Debug|Any CPU
		Release|Any CPU = Release|Any CPU
	EndGlobalSection
	GlobalSection(ProjectConfigurationPlatforms) = postSolution
		{A1E3C0DE-0001-4000-8000-000000000001}.Debug|Any CPU.ActiveCfg = Debug|Any CPU
		{A1E3C0DE-0001-4000-8000-000000000001}.Debug|Any CPU.Build.0 = Debug|Any CPU
		{A1E3C0DE-0001-4000-8000-000000000001}.Release|Any CPU.ActiveCfg = Release|Any CPU
		{A1E3C0DE-0001-4000-8000-000000000001}.Release|Any CPU.Build.0 = Release|Any CPU
		{A1E3C0DE-0001-4000-8000-000000000002}.Debug|Any CPU.ActiveCfg = Debug|Any CPU
		{A1E3C0DE-0001-4000-8000-000000000002}.Debug|Any CPU.Build.0 = Debug|Any CPU
		{A1E3C0DE-0001-4000-8000-000000000002}.Release|Any CPU.ActiveCfg = Release|Any CPU
		{A1E3C0DE-0001-4000-8000-000000000002}.Release|Any CPU.Build.0 = Release|Any CPU
		{A1E3C0DE-0001-4000-8000-000000000003}.Debug|Any CPU.ActiveCfg = Debug|Any CPU
		{A1E3C0DE-0001-4000-8000-000000000003}.Debug|Any CPU.Build.0 = Debug|Any CPU
		{A1E3C0DE-0001-4000-8000-000000000003}.Release|Any CPU.ActiveCfg = Release|Any CPU
		{A1E3C0DE-0001-4000-8000-000000000003}.Release|Any CPU.Build.0 = Release|Any CPU
		{A1E3C0DE-0001-4000-8000-000000000004}.Debug|Any CPU.ActiveCfg = Debug|Any CPU
		{A1E3C0DE-0001-4000-8000-000000000004}.Debug|Any CPU.Build.0 = Debug|Any CPU
		{A1E3C0DE-0001-4000-8000-000000000004}.Release|Any CPU.ActiveCfg = Release|Any CPU
		{A1E3C0DE-0001-4000-8000-000000000004}.Release|Any CPU.Build.0 = Release|Any CPU
	EndGlobalSection
EndGlobal
